
Microsoft Visual Studio Solution File, Format Version 12.00
# Visual Studio 15
Project("{FAE04EC0-301F-11D3-BF4B-00C04F79EFBC}") = "GameClient", "GameClient.csproj", "{0AD50855-A0D5-53D5-DC6E-9FA408F4A146}"
EndProject
Project("{FAE04EC0-301F-11D3-BF4B-00C04F79EFBC}") = "BestHTTP", "BestHTTP.csproj", "{722FB4C2-A11D-13D9-B85A-152C349A7C2F}"
EndProject
Project("{FAE04EC0-301F-11D3-BF4B-00C04F79EFBC}") = "Shared", "Shared.csproj", "{45845237-F52D-EB4F-CDF0-5E3DC6A25A3E}"
EndProject
Project("{2150E333-8FDC-42A3-9474-1A3956D46DE8}") = "docs", "docs", "{AB52D272-93C4-49C1-B723-B25C3562393B}"
	ProjectSection(SolutionItems) = preProject
		docs\overview.md = docs\overview.md
	EndProjectSection
EndProject
Project("{2150E333-8FDC-42A3-9474-1A3956D46DE8}") = "Solution Items", "Solution Items", "{8B20565F-2353-498D-95E2-0EADE11658DD}"
	ProjectSection(SolutionItems) = preProject
		.gitignore = .gitignore
	EndProjectSection
EndProject
Project("{9A19103F-16F7-4668-BE54-9A1E7A4F7556}") = "Server", "Server\Server.csproj", "{FEFD74DA-E626-4A3A-BD67-D1FF980B21E3}"
EndProject
Project("{2150E333-8FDC-42A3-9474-1A3956D46DE8}") = "Third-Party", "Third-Party", "{7423F5CB-7075-411B-8788-D088145B594E}"
EndProject
Global
	GlobalSection(SolutionConfigurationPlatforms) = preSolution
		Debug|Any CPU = Debug|Any CPU
		Release|Any CPU = Release|Any CPU
	EndGlobalSection
	GlobalSection(ProjectConfigurationPlatforms) = postSolution
		{0AD50855-A0D5-53D5-DC6E-9FA408F4A146}.Debug|Any CPU.ActiveCfg = Debug|Any CPU
		{0AD50855-A0D5-53D5-DC6E-9FA408F4A146}.Debug|Any CPU.Build.0 = Debug|Any CPU
		{0AD50855-A0D5-53D5-DC6E-9FA408F4A146}.Release|Any CPU.ActiveCfg = Release|Any CPU
		{0AD50855-A0D5-53D5-DC6E-9FA408F4A146}.Release|Any CPU.Build.0 = Release|Any CPU
		{722FB4C2-A11D-13D9-B85A-152C349A7C2F}.Debug|Any CPU.ActiveCfg = Debug|Any CPU
		{722FB4C2-A11D-13D9-B85A-152C349A7C2F}.Debug|Any CPU.Build.0 = Debug|Any CPU
		{722FB4C2-A11D-13D9-B85A-152C349A7C2F}.Release|Any CPU.ActiveCfg = Release|Any CPU
		{722FB4C2-A11D-13D9-B85A-152C349A7C2F}.Release|Any CPU.Build.0 = Release|Any CPU
		{45845237-F52D-EB4F-CDF0-5E3DC6A25A3E}.Debug|Any CPU.ActiveCfg = Debug|Any CPU
		{45845237-F52D-EB4F-CDF0-5E3DC6A25A3E}.Debug|Any CPU.Build.0 = Debug|Any CPU
		{45845237-F52D-EB4F-CDF0-5E3DC6A25A3E}.Release|Any CPU.ActiveCfg = Release|Any CPU
		{45845237-F52D-EB4F-CDF0-5E3DC6A25A3E}.Release|Any CPU.Build.0 = Release|Any CPU
		{FEFD74DA-E626-4A3A-BD67-D1FF980B21E3}.Debug|Any CPU.ActiveCfg = Debug|Any CPU
		{FEFD74DA-E626-4A3A-BD67-D1FF980B21E3}.Debug|Any CPU.Build.0 = Debug|Any CPU
		{FEFD74DA-E626-4A3A-BD67-D1FF980B21E3}.Release|Any CPU.ActiveCfg = Release|Any CPU
		{FEFD74DA-E626-4A3A-BD67-D1FF980B21E3}.Release|Any CPU.Build.0 = Release|Any CPU
	EndGlobalSection
	GlobalSection(SolutionProperties) = preSolution
		HideSolutionNode = FALSE
	EndGlobalSection
	GlobalSection(NestedProjects) = preSolution
		{722FB4C2-A11D-13D9-B85A-152C349A7C2F} = {7423F5CB-7075-411B-8788-D088145B594E}
	EndGlobalSection
EndGlobal
